
Microsoft Visual Studio Solution File, Format Version 12.00
# Visual Studio Version 17
VisualStudioVersion = 17.3.32804.467
MinimumVisualStudioVersion = 10.0.40219.1
Project("{FAE04EC0-301F-11D3-BF4B-00C04F79EFBC}") = "KampIntro", "KampIntro\KampIntro.csproj", "{69BCDE0E-C803-4143-8211-0A9AC5A83931}"
EndProject
Project("{FAE04EC0-301F-11D3-BF4B-00C04F79EFBC}") = "Donguler", "Donguler\Donguler.csproj", "{0730DD98-7AF2-4A03-B691-A5CF2259F162}"
EndProject
Project("{FAE04EC0-301F-11D3-BF4B-00C04F79EFBC}") = "ClassIntro", "ClassIntro\ClassIntro.csproj", "{2600AF1A-90A6-47EF-8AF6-199FF5BD8C07}"
EndProject
Project("{FAE04EC0-301F-11D3-BF4B-00C04F79EFBC}") = "HW1", "HW1\HW1.csproj", "{98C6C6B6-657E-4D1C-B570-819E02FB4075}"
EndProject
Project("{FAE04EC0-301F-11D3-BF4B-00C04F79EFBC}") = "Methods", "Methods\Methods.csproj", "{3BC7D43A-C6A6-41AA-83AE-87AC7E16C776}"
EndProject
Project("{FAE04EC0-301F-11D3-BF4B-00C04F79EFBC}") = "Matematik", "Matematik\Matematik.csproj", "{53A24C0D-9C33-4A64-BC0E-917155FE82E6}"
EndProject
Project("{FAE04EC0-301F-11D3-BF4B-00C04F79EFBC}") = "DegerVeReferansTipler", "DegerVeReferansTipler\DegerVeReferansTipler.csproj", "{53224EE2-8B44-435A-AAE8-BE3DE0352FF4}"
EndProject
Project("{FAE04EC0-301F-11D3-BF4B-00C04F79EFBC}") = "OOP1", "OOP1\OOP1.csproj", "{E86391A4-7B2E-427D-9E2C-80F5CFBC98F4}"
EndProject
Project("{FAE04EC0-301F-11D3-BF4B-00C04F79EFBC}") = "Collections", "Collections\Collections.csproj", "{BACDF6EC-556A-43BD-898E-79E17695197A}"
EndProject
Project("{FAE04EC0-301F-11D3-BF4B-00C04F79EFBC}") = "GenericsIntro", "GenericsIntro\GenericsIntro.csproj", "{D0D9A906-4377-45B6-B03D-1BE2FD85338C}"
EndProject
Global
	GlobalSection(SolutionConfigurationPlatforms) = preSolution
		Debug|Any CPU = Debug|Any CPU
		Release|Any CPU = Release|Any CPU
	EndGlobalSection
	GlobalSection(ProjectConfigurationPlatforms) = postSolution
		{69BCDE0E-C803-4143-8211-0A9AC5A83931}.Debug|Any CPU.ActiveCfg = Debug|Any CPU
		{69BCDE0E-C803-4143-8211-0A9AC5A83931}.Debug|Any CPU.Build.0 = Debug|Any CPU
		{69BCDE0E-C803-4143-8211-0A9AC5A83931}.Release|Any CPU.ActiveCfg = Release|Any CPU
		{69BCDE0E-C803-4143-8211-0A9AC5A83931}.Release|Any CPU.Build.0 = Release|Any CPU
		{0730DD98-7AF2-4A03-B691-A5CF2259F162}.Debug|Any CPU.ActiveCfg = Debug|Any CPU
		{0730DD98-7AF2-4A03-B691-A5CF2259F162}.Debug|Any CPU.Build.0 = Debug|Any CPU
		{0730DD98-7AF2-4A03-B691-A5CF2259F162}.Release|Any CPU.ActiveCfg = Release|Any CPU
		{0730DD98-7AF2-4A03-B691-A5CF2259F162}.Release|Any CPU.Build.0 = Release|Any CPU
		{2600AF1A-90A6-47EF-8AF6-199FF5BD8C07}.Debug|Any CPU.ActiveCfg = Debug|Any CPU
		{2600AF1A-90A6-47EF-8AF6-199FF5BD8C07}.Debug|Any CPU.Build.0 = Debug|Any CPU
		{2600AF1A-90A6-47EF-8AF6-199FF5BD8C07}.Release|Any CPU.ActiveCfg = Release|Any CPU
		{2600AF1A-90A6-47EF-8AF6-199FF5BD8C07}.Release|Any CPU.Build.0 = Release|Any CPU
		{98C6C6B6-657E-4D1C-B570-819E02FB4075}.Debug|Any CPU.ActiveCfg = Debug|Any CPU
		{98C6C6B6-657E-4D1C-B570-819E02FB4075}.Debug|Any CPU.Build.0 = Debug|Any CPU
		{98C6C6B6-657E-4D1C-B570-819E02FB4075}.Release|Any CPU.ActiveCfg = Release|Any CPU
		{98C6C6B6-657E-4D1C-B570-819E02FB4075}.Release|Any CPU.Build.0 = Release|Any CPU
		{3BC7D43A-C6A6-41AA-83AE-87AC7E16C776}.Debug|Any CPU.ActiveCfg = Debug|Any CPU
		{3BC7D43A-C6A6-41AA-83AE-87AC7E16C776}.Debug|Any CPU.Build.0 = Debug|Any CPU
		{3BC7D43A-C6A6-41AA-83AE-87AC7E16C776}.Release|Any CPU.ActiveCfg = Release|Any CPU
		{3BC7D43A-C6A6-41AA-83AE-87AC7E16C776}.Release|Any CPU.Build.0 = Release|Any CPU
		{53A24C0D-9C33-4A64-BC0E-917155FE82E6}.Debug|Any CPU.ActiveCfg = Debug|Any CPU
		{53A24C0D-9C33-4A64-BC0E-917155FE82E6}.Debug|Any CPU.Build.0 = Debug|Any CPU
		{53A24C0D-9C33-4A64-BC0E-917155FE82E6}.Release|Any CPU.ActiveCfg = Release|Any CPU
		{53A24C0D-9C33-4A64-BC0E-917155FE82E6}.Release|Any CPU.Build.0 = Release|Any CPU
		{53224EE2-8B44-435A-AAE8-BE3DE0352FF4}.Debug|Any CPU.ActiveCfg = Debug|Any CPU
		{53224EE2-8B44-435A-AAE8-BE3DE0352FF4}.Debug|Any CPU.Build.0 = Debug|Any CPU
		{53224EE2-8B44-435A-AAE8-BE3DE0352FF4}.Release|Any CPU.ActiveCfg = Release|Any CPU
		{53224EE2-8B44-435A-AAE8-BE3DE0352FF4}.Release|Any CPU.Build.0 = Release|Any CPU
		{E86391A4-7B2E-427D-9E2C-80F5CFBC98F4}.Debug|Any CPU.ActiveCfg = Debug|Any CPU
		{E86391A4-7B2E-427D-9E2C-80F5CFBC98F4}.Debug|Any CPU.Build.0 = Debug|Any CPU
		{E86391A4-7B2E-427D-9E2C-80F5CFBC98F4}.Release|Any CPU.ActiveCfg = Release|Any CPU
		{E86391A4-7B2E-427D-9E2C-80F5CFBC98F4}.Release|Any CPU.Build.0 = Release|Any CPU
		{BACDF6EC-556A-43BD-898E-79E17695197A}.Debug|Any CPU.ActiveCfg = Debug|Any CPU
		{BACDF6EC-556A-43BD-898E-79E17695197A}.Debug|Any CPU.Build.0 = Debug|Any CPU
		{BACDF6EC-556A-43BD-898E-79E17695197A}.Release|Any CPU.ActiveCfg = Release|Any CPU
		{BACDF6EC-556A-43BD-898E-79E17695197A}.Release|Any CPU.Build.0 = Release|Any CPU
		{D0D9A906-4377-45B6-B03D-1BE2FD85338C}.Debug|Any CPU.ActiveCfg = Debug|Any CPU
		{D0D9A906-4377-45B6-B03D-1BE2FD85338C}.Debug|Any CPU.Build.0 = Debug|Any CPU
		{D0D9A906-4377-45B6-B03D-1BE2FD85338C}.Release|Any CPU.ActiveCfg = Release|Any CPU
		{D0D9A906-4377-45B6-B03D-1BE2FD85338C}.Release|Any CPU.Build.0 = Release|Any CPU
	EndGlobalSection
	GlobalSection(SolutionProperties) = preSolution
		HideSolutionNode = FALSE
	EndGlobalSection
	GlobalSection(ExtensibilityGlobals) = postSolution
		SolutionGuid = {14C1FA54-4573-4FD2-8E74-514503125503}
	EndGlobalSection
EndGlobal
